
Microsoft Visual Studio Solution File, Format Version 12.00
# Visual Studio Version 16
VisualStudioVersion = 16.0.30503.244
MinimumVisualStudioVersion = 10.0.40219.1
Project("{9A19103F-16F7-4668-BE54-9A1E7A4F7556}") = "PayRoll.MVC", "PayRoll.MVC\PayRoll.MVC.csproj", "{AFAED1B6-2D86-433D-A652-C395C97BC7F6}"
EndProject
Project("{9A19103F-16F7-4668-BE54-9A1E7A4F7556}") = "PayRoll.API", "PayRoll.API\PayRoll.API.csproj", "{06B67F2B-7C51-4661-B90A-83C82294A468}"
EndProject
Project("{9A19103F-16F7-4668-BE54-9A1E7A4F7556}") = "PayRoll", "PayRoll\PayRoll.csproj", "{2B9239CD-6AB9-42F2-BECA-C60878DB0D7C}"
EndProject
Project("{FAE04EC0-301F-11D3-BF4B-00C04F79EFBC}") = "PayRoll.Data", "PayRoll.Data\PayRoll.Data.csproj", "{998DB952-55CD-4AF4-8149-B87B1CEC9F7F}"
EndProject
Global
	GlobalSection(SolutionConfigurationPlatforms) = preSolution
		Debug|Any CPU = Debug|Any CPU
		Release|Any CPU = Release|Any CPU
	EndGlobalSection
	GlobalSection(ProjectConfigurationPlatforms) = postSolution
		{AFAED1B6-2D86-433D-A652-C395C97BC7F6}.Debug|Any CPU.ActiveCfg = Debug|Any CPU
		{AFAED1B6-2D86-433D-A652-C395C97BC7F6}.Debug|Any CPU.Build.0 = Debug|Any CPU
		{AFAED1B6-2D86-433D-A652-C395C97BC7F6}.Release|Any CPU.ActiveCfg = Release|Any CPU
		{AFAED1B6-2D86-433D-A652-C395C97BC7F6}.Release|Any CPU.Build.0 = Release|Any CPU
		{06B67F2B-7C51-4661-B90A-83C82294A468}.Debug|Any CPU.ActiveCfg = Debug|Any CPU
		{06B67F2B-7C51-4661-B90A-83C82294A468}.Debug|Any CPU.Build.0 = Debug|Any CPU
		{06B67F2B-7C51-4661-B90A-83C82294A468}.Release|Any CPU.ActiveCfg = Release|Any CPU
		{06B67F2B-7C51-4661-B90A-83C82294A468}.Release|Any CPU.Build.0 = Release|Any CPU
		{2B9239CD-6AB9-42F2-BECA-C60878DB0D7C}.Debug|Any CPU.ActiveCfg = Debug|Any CPU
		{2B9239CD-6AB9-42F2-BECA-C60878DB0D7C}.Debug|Any CPU.Build.0 = Debug|Any CPU
		{2B9239CD-6AB9-42F2-BECA-C60878DB0D7C}.Release|Any CPU.ActiveCfg = Release|Any CPU
		{2B9239CD-6AB9-42F2-BECA-C60878DB0D7C}.Release|Any CPU.Build.0 = Release|Any CPU
		{998DB952-55CD-4AF4-8149-B87B1CEC9F7F}.Debug|Any CPU.ActiveCfg = Debug|Any CPU
		{998DB952-55CD-4AF4-8149-B87B1CEC9F7F}.Debug|Any CPU.Build.0 = Debug|Any CPU
		{998DB952-55CD-4AF4-8149-B87B1CEC9F7F}.Release|Any CPU.ActiveCfg = Release|Any CPU
		{998DB952-55CD-4AF4-8149-B87B1CEC9F7F}.Release|Any CPU.Build.0 = Release|Any CPU
	EndGlobalSection
	GlobalSection(SolutionProperties) = preSolution
		HideSolutionNode = FALSE
	EndGlobalSection
	GlobalSection(ExtensibilityGlobals) = postSolution
		SolutionGuid = {EA175AF1-3E9E-42FE-96CF-7AA0EBDD10BA}
	EndGlobalSection
EndGlobal
